%{
  "jason": {:hex, :jason, "1.2.2", "ba43e3f2709fd1aa1dce90aaabfd039d000469c05c56f0b8e31978e03fa39052", [:mix], [{:decimal, "~> 1.0 or ~> 2.0", [hex: :decimal, repo: "hexpm", optional: true]}], "hexpm", "18a228f5f0058ee183f29f9eae0805c6e59d61c3b006760668d8d18ff0d12179"},
  "joken": {:hex, :joken, "2.3.0", "62a979c46f2c81dcb8ddc9150453b60d3757d1ac393c72bb20fc50a7b0827dc6", [:mix], [{:jose, "~> 1.10", [hex: :jose, repo: "hexpm", optional: false]}], "hexpm", "57b263a79c0ec5d536ac02d569c01e6b4de91bd1cb825625fe90eab4feb7bc1e"},
  "jose": {:hex, :jose, "1.11.1", "59da64010c69aad6cde2f5b9248b896b84472e99bd18f246085b7b9fe435dcdb", [:mix, :rebar3], [], "hexpm", "078f6c9fb3cd2f4cfafc972c814261a7d1e8d2b3685c0a76eb87e158efff1ac5"},
}
